
Microsoft Visual Studio Solution File, Format Version 12.00
# Visual Studio Version 17
VisualStudioVersion = 17.9.34728.123
MinimumVisualStudioVersion = 10.0.40219.1
Project("{9A19103F-16F7-4668-BE54-9A1E7A4F7556}") = "Odonto.API", "Odonto.API\Odonto.API.csproj", "{3BB1B77A-7AD5-4DD1-80B8-252C20C903CA}"
EndProject
Project("{FAE04EC0-301F-11D3-BF4B-00C04F79EFBC}") = "Odonto.Infra", "Odonto.Infra\Odonto.Infra.csproj", "{B6E9D9C4-AA5F-416D-872B-AC8D03788587}"
EndProject
Project("{FAE04EC0-301F-11D3-BF4B-00C04F79EFBC}") = "Odonto.Domain", "Odonto.Domain\Odonto.Domain.csproj", "{15B7D023-EC2F-4F66-B0DC-19D231E7BA5D}"
EndProject
Project("{FAE04EC0-301F-11D3-BF4B-00C04F79EFBC}") = "Odonto.Application", "Odonto.Application\Odonto.Application.csproj", "{0D8BEF93-A6B8-4053-856F-A785EF5193AF}"
EndProject
Project("{FAE04EC0-301F-11D3-BF4B-00C04F79EFBC}") = "Odonto.IoC", "Odonto.IoC\Odonto.IoC.csproj", "{0D55F506-79E0-4ECE-8A71-4EA10F8076D8}"
EndProject
Global
	GlobalSection(SolutionConfigurationPlatforms) = preSolution
		Debug|Any CPU = Debug|Any CPU
		Release|Any CPU = Release|Any CPU
	EndGlobalSection
	GlobalSection(ProjectConfigurationPlatforms) = postSolution
		{3BB1B77A-7AD5-4DD1-80B8-252C20C903CA}.Debug|Any CPU.ActiveCfg = Debug|Any CPU
		{3BB1B77A-7AD5-4DD1-80B8-252C20C903CA}.Debug|Any CPU.Build.0 = Debug|Any CPU
		{3BB1B77A-7AD5-4DD1-80B8-252C20C903CA}.Release|Any CPU.ActiveCfg = Release|Any CPU
		{3BB1B77A-7AD5-4DD1-80B8-252C20C903CA}.Release|Any CPU.Build.0 = Release|Any CPU
		{B6E9D9C4-AA5F-416D-872B-AC8D03788587}.Debug|Any CPU.ActiveCfg = Debug|Any CPU
		{B6E9D9C4-AA5F-416D-872B-AC8D03788587}.Debug|Any CPU.Build.0 = Debug|Any CPU
		{B6E9D9C4-AA5F-416D-872B-AC8D03788587}.Release|Any CPU.ActiveCfg = Release|Any CPU
		{B6E9D9C4-AA5F-416D-872B-AC8D03788587}.Release|Any CPU.Build.0 = Release|Any CPU
		{15B7D023-EC2F-4F66-B0DC-19D231E7BA5D}.Debug|Any CPU.ActiveCfg = Debug|Any CPU
		{15B7D023-EC2F-4F66-B0DC-19D231E7BA5D}.Debug|Any CPU.Build.0 = Debug|Any CPU
		{15B7D023-EC2F-4F66-B0DC-19D231E7BA5D}.Release|Any CPU.ActiveCfg = Release|Any CPU
		{15B7D023-EC2F-4F66-B0DC-19D231E7BA5D}.Release|Any CPU.Build.0 = Release|Any CPU
		{0D8BEF93-A6B8-4053-856F-A785EF5193AF}.Debug|Any CPU.ActiveCfg = Debug|Any CPU
		{0D8BEF93-A6B8-4053-856F-A785EF5193AF}.Debug|Any CPU.Build.0 = Debug|Any CPU
		{0D8BEF93-A6B8-4053-856F-A785EF5193AF}.Release|Any CPU.ActiveCfg = Release|Any CPU
		{0D8BEF93-A6B8-4053-856F-A785EF5193AF}.Release|Any CPU.Build.0 = Release|Any CPU
		{0D55F506-79E0-4ECE-8A71-4EA10F8076D8}.Debug|Any CPU.ActiveCfg = Debug|Any CPU
		{0D55F506-79E0-4ECE-8A71-4EA10F8076D8}.Debug|Any CPU.Build.0 = Debug|Any CPU
		{0D55F506-79E0-4ECE-8A71-4EA10F8076D8}.Release|Any CPU.ActiveCfg = Release|Any CPU
		{0D55F506-79E0-4ECE-8A71-4EA10F8076D8}.Release|Any CPU.Build.0 = Release|Any CPU
	EndGlobalSection
	GlobalSection(SolutionProperties) = preSolution
		HideSolutionNode = FALSE
	EndGlobalSection
	GlobalSection(ExtensibilityGlobals) = postSolution
		SolutionGuid = {39467DD6-C8AF-4B1B-A105-08487614FCC0}
	EndGlobalSection
EndGlobal
